
Microsoft Visual Studio Solution File, Format Version 12.00
# Visual Studio Version 17
VisualStudioVersion = 17.4.33205.214
MinimumVisualStudioVersion = 10.0.40219.1
Project("{FAE04EC0-301F-11D3-BF4B-00C04F79EFBC}") = "EmpWageProblem", "EmpWageProblem\EmpWageProblem.csproj", "{1E7D9A0D-D979-4281-9AC6-85528F8B7B5E}"
EndProject
Global
	GlobalSection(SolutionConfigurationPlatforms) = preSolution
		Debug|Any CPU = Debug|Any CPU
		Release|Any CPU = Release|Any CPU
	EndGlobalSection
	GlobalSection(ProjectConfigurationPlatforms) = postSolution
		{1E7D9A0D-D979-4281-9AC6-85528F8B7B5E}.Debug|Any CPU.ActiveCfg = Debug|Any CPU
		{1E7D9A0D-D979-4281-9AC6-85528F8B7B5E}.Debug|Any CPU.Build.0 = Debug|Any CPU
		{1E7D9A0D-D979-4281-9AC6-85528F8B7B5E}.Release|Any CPU.ActiveCfg = Release|Any CPU
		{1E7D9A0D-D979-4281-9AC6-85528F8B7B5E}.Release|Any CPU.Build.0 = Release|Any CPU
	EndGlobalSection
	GlobalSection(SolutionProperties) = preSolution
		HideSolutionNode = FALSE
	EndGlobalSection
	GlobalSection(ExtensibilityGlobals) = postSolution
		SolutionGuid = {78C80F6A-4B9E-4FED-AD49-14F605C7DD67}
	EndGlobalSection
EndGlobal
